// !$*UTF8*$!
{
	archiveVersion = 1;
	classes = {
	};
	objectVersion = 56;
	objects = {

/* Begin PBXBuildFile section */
		566BAE262A38C7CA003BD40C /* LogSettingsDetailsView.swift in Sources */ = {isa = PBXBuildFile; fileRef = 566BAE252A38C7CA003BD40C /* LogSettingsDetailsView.swift */; };
		566BAE282A38CD6A003BD40C /* LogExportsView.swift in Sources */ = {isa = PBXBuildFile; fileRef = 566BAE272A38CD6A003BD40C /* LogExportsView.swift */; };
		5673F3F52A35F97A00F7F769 /* KeyView.swift in Sources */ = {isa = PBXBuildFile; fileRef = 5673F3F42A35F97A00F7F769 /* KeyView.swift */; };
		5673F3F72A35F98A00F7F769 /* ContentView.swift in Sources */ = {isa = PBXBuildFile; fileRef = 5673F3F62A35F98A00F7F769 /* ContentView.swift */; };
		5673F3F92A35F99C00F7F769 /* AppState.swift in Sources */ = {isa = PBXBuildFile; fileRef = 5673F3F82A35F99C00F7F769 /* AppState.swift */; };
		5673F3FB2A35F9CC00F7F769 /* AppDelegate.swift in Sources */ = {isa = PBXBuildFile; fileRef = 5673F3FA2A35F9CC00F7F769 /* AppDelegate.swift */; };
		5673F3FD2A35FA1300F7F769 /* TranslucentVisualEffectView.swift in Sources */ = {isa = PBXBuildFile; fileRef = 5673F3FC2A35FA1300F7F769 /* TranslucentVisualEffectView.swift */; };
		5673F3FF2A35FACB00F7F769 /* LogSettingsView.swift in Sources */ = {isa = PBXBuildFile; fileRef = 5673F3FE2A35FACB00F7F769 /* LogSettingsView.swift */; };
		56D1AD002A2C022600F5D939 /* MagicSpellsApp.swift in Sources */ = {isa = PBXBuildFile; fileRef = 56D1ACFF2A2C022600F5D939 /* MagicSpellsApp.swift */; };
		56D1AD022A2C022700F5D939 /* Assets.xcassets in Resources */ = {isa = PBXBuildFile; fileRef = 56D1AD012A2C022700F5D939 /* Assets.xcassets */; };
		56D1AD052A2C022700F5D939 /* Preview Assets.xcassets in Resources */ = {isa = PBXBuildFile; fileRef = 56D1AD042A2C022700F5D939 /* Preview Assets.xcassets */; };
		56EF36062A333C8500634FF0 /* Sparkle in Frameworks */ = {isa = PBXBuildFile; productRef = 56EF36052A333C8500634FF0 /* Sparkle */; };
		56EF36082A333C9300634FF0 /* Updater.swift in Sources */ = {isa = PBXBuildFile; fileRef = 56EF36072A333C9300634FF0 /* Updater.swift */; };
		56EF360A2A333CBD00634FF0 /* KeyPair-Info.plist in Resources */ = {isa = PBXBuildFile; fileRef = 56EF36092A333CA000634FF0 /* KeyPair-Info.plist */; };
		56EF360C2A333CD300634FF0 /* AboutSettingsView.swift in Sources */ = {isa = PBXBuildFile; fileRef = 56EF360B2A333CD300634FF0 /* AboutSettingsView.swift */; };
/* End PBXBuildFile section */

/* Begin PBXFileReference section */
		566BAE252A38C7CA003BD40C /* LogSettingsDetailsView.swift */ = {isa = PBXFileReference; lastKnownFileType = sourcecode.swift; path = LogSettingsDetailsView.swift; sourceTree = "<group>"; };
		566BAE272A38CD6A003BD40C /* LogExportsView.swift */ = {isa = PBXFileReference; lastKnownFileType = sourcecode.swift; path = LogExportsView.swift; sourceTree = "<group>"; };
		5673F3F42A35F97A00F7F769 /* KeyView.swift */ = {isa = PBXFileReference; lastKnownFileType = sourcecode.swift; path = KeyView.swift; sourceTree = "<group>"; };
		5673F3F62A35F98A00F7F769 /* ContentView.swift */ = {isa = PBXFileReference; lastKnownFileType = sourcecode.swift; path = ContentView.swift; sourceTree = "<group>"; };
		5673F3F82A35F99C00F7F769 /* AppState.swift */ = {isa = PBXFileReference; lastKnownFileType = sourcecode.swift; path = AppState.swift; sourceTree = "<group>"; };
		5673F3FA2A35F9CC00F7F769 /* AppDelegate.swift */ = {isa = PBXFileReference; lastKnownFileType = sourcecode.swift; path = AppDelegate.swift; sourceTree = "<group>"; };
		5673F3FC2A35FA1300F7F769 /* TranslucentVisualEffectView.swift */ = {isa = PBXFileReference; lastKnownFileType = sourcecode.swift; path = TranslucentVisualEffectView.swift; sourceTree = "<group>"; };
		5673F3FE2A35FACB00F7F769 /* LogSettingsView.swift */ = {isa = PBXFileReference; lastKnownFileType = sourcecode.swift; path = LogSettingsView.swift; sourceTree = "<group>"; };
		56D1ACFA2A2C022600F5D939 /* KeyPair.app */ = {isa = PBXFileReference; explicitFileType = wrapper.application; includeInIndex = 0; path = KeyPair.app; sourceTree = BUILT_PRODUCTS_DIR; };
		56D1ACFF2A2C022600F5D939 /* MagicSpellsApp.swift */ = {isa = PBXFileReference; lastKnownFileType = sourcecode.swift; path = MagicSpellsApp.swift; sourceTree = "<group>"; };
		56D1AD012A2C022700F5D939 /* Assets.xcassets */ = {isa = PBXFileReference; lastKnownFileType = folder.assetcatalog; path = Assets.xcassets; sourceTree = "<group>"; };
		56D1AD042A2C022700F5D939 /* Preview Assets.xcassets */ = {isa = PBXFileReference; lastKnownFileType = folder.assetcatalog; path = "Preview Assets.xcassets"; sourceTree = "<group>"; };
		56D1AD062A2C022700F5D939 /* MagicSpells.entitlements */ = {isa = PBXFileReference; lastKnownFileType = text.plist.entitlements; path = MagicSpells.entitlements; sourceTree = "<group>"; };
		56EF36072A333C9300634FF0 /* Updater.swift */ = {isa = PBXFileReference; fileEncoding = 4; lastKnownFileType = sourcecode.swift; path = Updater.swift; sourceTree = "<group>"; };
		56EF36092A333CA000634FF0 /* KeyPair-Info.plist */ = {isa = PBXFileReference; lastKnownFileType = text.plist; path = "KeyPair-Info.plist"; sourceTree = "<group>"; };
		56EF360B2A333CD300634FF0 /* AboutSettingsView.swift */ = {isa = PBXFileReference; fileEncoding = 4; lastKnownFileType = sourcecode.swift; path = AboutSettingsView.swift; sourceTree = "<group>"; };
/* End PBXFileReference section */

/* Begin PBXFrameworksBuildPhase section */
		56D1ACF72A2C022600F5D939 /* Frameworks */ = {
			isa = PBXFrameworksBuildPhase;
			buildActionMask = 2147483647;
			files = (
				56EF36062A333C8500634FF0 /* Sparkle in Frameworks */,
			);
			runOnlyForDeploymentPostprocessing = 0;
		};
/* End PBXFrameworksBuildPhase section */

/* Begin PBXGroup section */
		5673F4002A35FC6300F7F769 /* Updates */ = {
			isa = PBXGroup;
			children = (
				56EF360B2A333CD300634FF0 /* AboutSettingsView.swift */,
				56EF36072A333C9300634FF0 /* Updater.swift */,
			);
			path = Updates;
			sourceTree = "<group>";
		};
		5673F4012A35FC7900F7F769 /* Settings */ = {
			isa = PBXGroup;
			children = (
				5673F3FE2A35FACB00F7F769 /* LogSettingsView.swift */,
				566BAE252A38C7CA003BD40C /* LogSettingsDetailsView.swift */,
				566BAE272A38CD6A003BD40C /* LogExportsView.swift */,
				5673F4002A35FC6300F7F769 /* Updates */,
			);
			path = Settings;
			sourceTree = "<group>";
		};
		56D1ACF12A2C022600F5D939 = {
			isa = PBXGroup;
			children = (
				56EF36092A333CA000634FF0 /* KeyPair-Info.plist */,
				56D1ACFC2A2C022600F5D939 /* MagicSpells */,
				56D1ACFB2A2C022600F5D939 /* Products */,
			);
			sourceTree = "<group>";
		};
		56D1ACFB2A2C022600F5D939 /* Products */ = {
			isa = PBXGroup;
			children = (
				56D1ACFA2A2C022600F5D939 /* KeyPair.app */,
			);
			name = Products;
			sourceTree = "<group>";
		};
		56D1ACFC2A2C022600F5D939 /* MagicSpells */ = {
			isa = PBXGroup;
			children = (
				5673F4012A35FC7900F7F769 /* Settings */,
				5673F3FA2A35F9CC00F7F769 /* AppDelegate.swift */,
				56D1ACFF2A2C022600F5D939 /* MagicSpellsApp.swift */,
				5673F3FC2A35FA1300F7F769 /* TranslucentVisualEffectView.swift */,
				5673F3F82A35F99C00F7F769 /* AppState.swift */,
				5673F3F62A35F98A00F7F769 /* ContentView.swift */,
				5673F3F42A35F97A00F7F769 /* KeyView.swift */,
				56D1AD012A2C022700F5D939 /* Assets.xcassets */,
				56D1AD062A2C022700F5D939 /* MagicSpells.entitlements */,
				56D1AD032A2C022700F5D939 /* Preview Content */,
			);
			path = MagicSpells;
			sourceTree = "<group>";
		};
		56D1AD032A2C022700F5D939 /* Preview Content */ = {
			isa = PBXGroup;
			children = (
				56D1AD042A2C022700F5D939 /* Preview Assets.xcassets */,
			);
			path = "Preview Content";
			sourceTree = "<group>";
		};
/* End PBXGroup section */

/* Begin PBXNativeTarget section */
		56D1ACF92A2C022600F5D939 /* KeyPair */ = {
			isa = PBXNativeTarget;
			buildConfigurationList = 56D1AD092A2C022700F5D939 /* Build configuration list for PBXNativeTarget "KeyPair" */;
			buildPhases = (
				56D1ACF62A2C022600F5D939 /* Sources */,
				56D1ACF72A2C022600F5D939 /* Frameworks */,
				56D1ACF82A2C022600F5D939 /* Resources */,
			);
			buildRules = (
			);
			dependencies = (
			);
			name = KeyPair;
			packageProductDependencies = (
				56EF36052A333C8500634FF0 /* Sparkle */,
			);
			productName = MagicSpells;
			productReference = 56D1ACFA2A2C022600F5D939 /* KeyPair.app */;
			productType = "com.apple.product-type.application";
		};
/* End PBXNativeTarget section */

/* Begin PBXProject section */
		56D1ACF22A2C022600F5D939 /* Project object */ = {
			isa = PBXProject;
			attributes = {
				BuildIndependentTargetsInParallel = 1;
				LastSwiftUpdateCheck = 1410;
				LastUpgradeCheck = 1410;
				TargetAttributes = {
					56D1ACF92A2C022600F5D939 = {
						CreatedOnToolsVersion = 14.1;
					};
				};
			};
			buildConfigurationList = 56D1ACF52A2C022600F5D939 /* Build configuration list for PBXProject "MagicSpells" */;
			compatibilityVersion = "Xcode 14.0";
			developmentRegion = en;
			hasScannedForEncodings = 0;
			knownRegions = (
				en,
				Base,
			);
			mainGroup = 56D1ACF12A2C022600F5D939;
			packageReferences = (
				56EF36042A333C8500634FF0 /* XCRemoteSwiftPackageReference "Sparkle" */,
			);
			productRefGroup = 56D1ACFB2A2C022600F5D939 /* Products */;
			projectDirPath = "";
			projectRoot = "";
			targets = (
				56D1ACF92A2C022600F5D939 /* KeyPair */,
			);
		};
/* End PBXProject section */

/* Begin PBXResourcesBuildPhase section */
		56D1ACF82A2C022600F5D939 /* Resources */ = {
			isa = PBXResourcesBuildPhase;
			buildActionMask = 2147483647;
			files = (
				56EF360A2A333CBD00634FF0 /* KeyPair-Info.plist in Resources */,
				56D1AD052A2C022700F5D939 /* Preview Assets.xcassets in Resources */,
				56D1AD022A2C022700F5D939 /* Assets.xcassets in Resources */,
			);
			runOnlyForDeploymentPostprocessing = 0;
		};
/* End PBXResourcesBuildPhase section */

/* Begin PBXSourcesBuildPhase section */
		56D1ACF62A2C022600F5D939 /* Sources */ = {
			isa = PBXSourcesBuildPhase;
			buildActionMask = 2147483647;
			files = (
				5673F3F52A35F97A00F7F769 /* KeyView.swift in Sources */,
				5673F3FD2A35FA1300F7F769 /* TranslucentVisualEffectView.swift in Sources */,
				5673F3F72A35F98A00F7F769 /* ContentView.swift in Sources */,
				56EF360C2A333CD300634FF0 /* AboutSettingsView.swift in Sources */,
				5673F3F92A35F99C00F7F769 /* AppState.swift in Sources */,
				5673F3FB2A35F9CC00F7F769 /* AppDelegate.swift in Sources */,
				56D1AD002A2C022600F5D939 /* MagicSpellsApp.swift in Sources */,
				566BAE262A38C7CA003BD40C /* LogSettingsDetailsView.swift in Sources */,
				5673F3FF2A35FACB00F7F769 /* LogSettingsView.swift in Sources */,
				566BAE282A38CD6A003BD40C /* LogExportsView.swift in Sources */,
				56EF36082A333C9300634FF0 /* Updater.swift in Sources */,
			);
			runOnlyForDeploymentPostprocessing = 0;
		};
/* End PBXSourcesBuildPhase section */

/* Begin XCBuildConfiguration section */
		56D1AD072A2C022700F5D939 /* Debug */ = {
			isa = XCBuildConfiguration;
			buildSettings = {
				ALWAYS_SEARCH_USER_PATHS = NO;
				CLANG_ANALYZER_NONNULL = YES;
				CLANG_ANALYZER_NUMBER_OBJECT_CONVERSION = YES_AGGRESSIVE;
				CLANG_CXX_LANGUAGE_STANDARD = "gnu++20";
				CLANG_ENABLE_MODULES = YES;
				CLANG_ENABLE_OBJC_ARC = YES;
				CLANG_ENABLE_OBJC_WEAK = YES;
				CLANG_WARN_BLOCK_CAPTURE_AUTORELEASING = YES;
				CLANG_WARN_BOOL_CONVERSION = YES;
				CLANG_WARN_COMMA = YES;
				CLANG_WARN_CONSTANT_CONVERSION = YES;
				CLANG_WARN_DEPRECATED_OBJC_IMPLEMENTATIONS = YES;
				CLANG_WARN_DIRECT_OBJC_ISA_USAGE = YES_ERROR;
				CLANG_WARN_DOCUMENTATION_COMMENTS = YES;
				CLANG_WARN_EMPTY_BODY = YES;
				CLANG_WARN_ENUM_CONVERSION = YES;
				CLANG_WARN_INFINITE_RECURSION = YES;
				CLANG_WARN_INT_CONVERSION = YES;
				CLANG_WARN_NON_LITERAL_NULL_CONVERSION = YES;
				CLANG_WARN_OBJC_IMPLICIT_RETAIN_SELF = YES;
				CLANG_WARN_OBJC_LITERAL_CONVERSION = YES;
				CLANG_WARN_OBJC_ROOT_CLASS = YES_ERROR;
				CLANG_WARN_QUOTED_INCLUDE_IN_FRAMEWORK_HEADER = YES;
				CLANG_WARN_RANGE_LOOP_ANALYSIS = YES;
				CLANG_WARN_STRICT_PROTOTYPES = YES;
				CLANG_WARN_SUSPICIOUS_MOVE = YES;
				CLANG_WARN_UNGUARDED_AVAILABILITY = YES_AGGRESSIVE;
				CLANG_WARN_UNREACHABLE_CODE = YES;
				CLANG_WARN__DUPLICATE_METHOD_MATCH = YES;
				COPY_PHASE_STRIP = NO;
				DEBUG_INFORMATION_FORMAT = dwarf;
				ENABLE_STRICT_OBJC_MSGSEND = YES;
				ENABLE_TESTABILITY = YES;
				GCC_C_LANGUAGE_STANDARD = gnu11;
				GCC_DYNAMIC_NO_PIC = NO;
				GCC_NO_COMMON_BLOCKS = YES;
				GCC_OPTIMIZATION_LEVEL = 0;
				GCC_PREPROCESSOR_DEFINITIONS = (
					"DEBUG=1",
					"$(inherited)",
				);
				GCC_WARN_64_TO_32_BIT_CONVERSION = YES;
				GCC_WARN_ABOUT_RETURN_TYPE = YES_ERROR;
				GCC_WARN_UNDECLARED_SELECTOR = YES;
				GCC_WARN_UNINITIALIZED_AUTOS = YES_AGGRESSIVE;
				GCC_WARN_UNUSED_FUNCTION = YES;
				GCC_WARN_UNUSED_VARIABLE = YES;
				MACOSX_DEPLOYMENT_TARGET = 13.0;
				MTL_ENABLE_DEBUG_INFO = INCLUDE_SOURCE;
				MTL_FAST_MATH = YES;
				ONLY_ACTIVE_ARCH = YES;
				SDKROOT = macosx;
				SWIFT_ACTIVE_COMPILATION_CONDITIONS = DEBUG;
				SWIFT_OPTIMIZATION_LEVEL = "-Onone";
			};
			name = Debug;
		};
		56D1AD082A2C022700F5D939 /* Release */ = {
			isa = XCBuildConfiguration;
			buildSettings = {
				ALWAYS_SEARCH_USER_PATHS = NO;
				CLANG_ANALYZER_NONNULL = YES;
				CLANG_ANALYZER_NUMBER_OBJECT_CONVERSION = YES_AGGRESSIVE;
				CLANG_CXX_LANGUAGE_STANDARD = "gnu++20";
				CLANG_ENABLE_MODULES = YES;
				CLANG_ENABLE_OBJC_ARC = YES;
				CLANG_ENABLE_OBJC_WEAK = YES;
				CLANG_WARN_BLOCK_CAPTURE_AUTORELEASING = YES;
				CLANG_WARN_BOOL_CONVERSION = YES;
				CLANG_WARN_COMMA = YES;
				CLANG_WARN_CONSTANT_CONVERSION = YES;
				CLANG_WARN_DEPRECATED_OBJC_IMPLEMENTATIONS = YES;
				CLANG_WARN_DIRECT_OBJC_ISA_USAGE = YES_ERROR;
				CLANG_WARN_DOCUMENTATION_COMMENTS = YES;
				CLANG_WARN_EMPTY_BODY = YES;
				CLANG_WARN_ENUM_CONVERSION = YES;
				CLANG_WARN_INFINITE_RECURSION = YES;
				CLANG_WARN_INT_CONVERSION = YES;
				CLANG_WARN_NON_LITERAL_NULL_CONVERSION = YES;
				CLANG_WARN_OBJC_IMPLICIT_RETAIN_SELF = YES;
				CLANG_WARN_OBJC_LITERAL_CONVERSION = YES;
				CLANG_WARN_OBJC_ROOT_CLASS = YES_ERROR;
				CLANG_WARN_QUOTED_INCLUDE_IN_FRAMEWORK_HEADER = YES;
				CLANG_WARN_RANGE_LOOP_ANALYSIS = YES;
				CLANG_WARN_STRICT_PROTOTYPES = YES;
				CLANG_WARN_SUSPICIOUS_MOVE = YES;
				CLANG_WARN_UNGUARDED_AVAILABILITY = YES_AGGRESSIVE;
				CLANG_WARN_UNREACHABLE_CODE = YES;
				CLANG_WARN__DUPLICATE_METHOD_MATCH = YES;
				COPY_PHASE_STRIP = NO;
				DEBUG_INFORMATION_FORMAT = "dwarf-with-dsym";
				ENABLE_NS_ASSERTIONS = NO;
				ENABLE_STRICT_OBJC_MSGSEND = YES;
				GCC_C_LANGUAGE_STANDARD = gnu11;
				GCC_NO_COMMON_BLOCKS = YES;
				GCC_WARN_64_TO_32_BIT_CONVERSION = YES;
				GCC_WARN_ABOUT_RETURN_TYPE = YES_ERROR;
				GCC_WARN_UNDECLARED_SELECTOR = YES;
				GCC_WARN_UNINITIALIZED_AUTOS = YES_AGGRESSIVE;
				GCC_WARN_UNUSED_FUNCTION = YES;
				GCC_WARN_UNUSED_VARIABLE = YES;
				MACOSX_DEPLOYMENT_TARGET = 13.0;
				MTL_ENABLE_DEBUG_INFO = NO;
				MTL_FAST_MATH = YES;
				SDKROOT = macosx;
				SWIFT_COMPILATION_MODE = wholemodule;
				SWIFT_OPTIMIZATION_LEVEL = "-O";
			};
			name = Release;
		};
		56D1AD0A2A2C022700F5D939 /* Debug */ = {
			isa = XCBuildConfiguration;
			buildSettings = {
				ASSETCATALOG_COMPILER_APPICON_NAME = AppIcon;
				ASSETCATALOG_COMPILER_GLOBAL_ACCENT_COLOR_NAME = AccentColor;
				CODE_SIGN_ENTITLEMENTS = MagicSpells/MagicSpells.entitlements;
				CODE_SIGN_STYLE = Automatic;
				COMBINE_HIDPI_IMAGES = YES;
				CURRENT_PROJECT_VERSION = 1.2.7;
				DEVELOPMENT_ASSET_PATHS = "\"MagicSpells/Preview Content\"";
				DEVELOPMENT_TEAM = HKQARCV8QZ;
				ENABLE_HARDENED_RUNTIME = YES;
				ENABLE_PREVIEWS = YES;
				GENERATE_INFOPLIST_FILE = YES;
				INFOPLIST_FILE = "KeyPair-Info.plist";
				INFOPLIST_KEY_CFBundleDisplayName = KeyPair;
				INFOPLIST_KEY_LSApplicationCategoryType = "public.app-category.developer-tools";
				INFOPLIST_KEY_NSHumanReadableCopyright = "";
				LD_RUNPATH_SEARCH_PATHS = (
					"$(inherited)",
					"@executable_path/../Frameworks",
				);
				MARKETING_VERSION = 1.2.7;
				PRODUCT_BUNDLE_IDENTIFIER = com.rondeau.MagicSpells;
				PRODUCT_NAME = "$(TARGET_NAME)";
				SWIFT_EMIT_LOC_STRINGS = YES;
				SWIFT_VERSION = 5.0;
			};
			name = Debug;
		};
		56D1AD0B2A2C022700F5D939 /* Release */ = {
			isa = XCBuildConfiguration;
			buildSettings = {
				ASSETCATALOG_COMPILER_APPICON_NAME = AppIcon;
				ASSETCATALOG_COMPILER_GLOBAL_ACCENT_COLOR_NAME = AccentColor;
				CODE_SIGN_ENTITLEMENTS = MagicSpells/MagicSpells.entitlements;
				CODE_SIGN_STYLE = Automatic;
				COMBINE_HIDPI_IMAGES = YES;
				CURRENT_PROJECT_VERSION = 1.2.7;
				DEVELOPMENT_ASSET_PATHS = "\"MagicSpells/Preview Content\"";
				DEVELOPMENT_TEAM = HKQARCV8QZ;
				ENABLE_HARDENED_RUNTIME = YES;
				ENABLE_PREVIEWS = YES;
				GENERATE_INFOPLIST_FILE = YES;
				INFOPLIST_FILE = "KeyPair-Info.plist";
				INFOPLIST_KEY_CFBundleDisplayName = KeyPair;
				INFOPLIST_KEY_LSApplicationCategoryType = "public.app-category.developer-tools";
				INFOPLIST_KEY_NSHumanReadableCopyright = "";
				LD_RUNPATH_SEARCH_PATHS = (
					"$(inherited)",
					"@executable_path/../Frameworks",
				);
				MARKETING_VERSION = 1.2.7;
				PRODUCT_BUNDLE_IDENTIFIER = com.rondeau.MagicSpells;
				PRODUCT_NAME = "$(TARGET_NAME)";
				SWIFT_EMIT_LOC_STRINGS = YES;
				SWIFT_VERSION = 5.0;
			};
			name = Release;
		};
/* End XCBuildConfiguration section */

/* Begin XCConfigurationList section */
		56D1ACF52A2C022600F5D939 /* Build configuration list for PBXProject "MagicSpells" */ = {
			isa = XCConfigurationList;
			buildConfigurations = (
				56D1AD072A2C022700F5D939 /* Debug */,
				56D1AD082A2C022700F5D939 /* Release */,
			);
			defaultConfigurationIsVisible = 0;
			defaultConfigurationName = Release;
		};
		56D1AD092A2C022700F5D939 /* Build configuration list for PBXNativeTarget "KeyPair" */ = {
			isa = XCConfigurationList;
			buildConfigurations = (
				56D1AD0A2A2C022700F5D939 /* Debug */,
				56D1AD0B2A2C022700F5D939 /* Release */,
			);
			defaultConfigurationIsVisible = 0;
			defaultConfigurationName = Release;
		};
/* End XCConfigurationList section */

/* Begin XCRemoteSwiftPackageReference section */
		56EF36042A333C8500634FF0 /* XCRemoteSwiftPackageReference "Sparkle" */ = {
			isa = XCRemoteSwiftPackageReference;
			repositoryURL = "https://github.com/sparkle-project/Sparkle";
			requirement = {
				branch = 2.x;
				kind = branch;
			};
		};
/* End XCRemoteSwiftPackageReference section */

/* Begin XCSwiftPackageProductDependency section */
		56EF36052A333C8500634FF0 /* Sparkle */ = {
			isa = XCSwiftPackageProductDependency;
			package = 56EF36042A333C8500634FF0 /* XCRemoteSwiftPackageReference "Sparkle" */;
			productName = Sparkle;
		};
/* End XCSwiftPackageProductDependency section */
	};
	rootObject = 56D1ACF22A2C022600F5D939 /* Project object */;
}
